// !$*UTF8*$!
{
	archiveVersion = 1;
	classes = {
	};
	objectVersion = 46;
	objects = {

/* Begin PBXBuildFile section */
		EC715C311B868713009E181E /* AppDelegate.swift in Sources */ = {isa = PBXBuildFile; fileRef = EC715C301B868713009E181E /* AppDelegate.swift */; };
		EC715C331B868713009E181E /* ViewController.swift in Sources */ = {isa = PBXBuildFile; fileRef = EC715C321B868713009E181E /* ViewController.swift */; };
		EC715C361B868714009E181E /* Main.storyboard in Resources */ = {isa = PBXBuildFile; fileRef = EC715C341B868714009E181E /* Main.storyboard */; };
		EC715C381B868714009E181E /* Images.xcassets in Resources */ = {isa = PBXBuildFile; fileRef = EC715C371B868714009E181E /* Images.xcassets */; };
		EC715C3B1B868714009E181E /* LaunchScreen.xib in Resources */ = {isa = PBXBuildFile; fileRef = EC715C391B868714009E181E /* LaunchScreen.xib */; };
		EC715C471B868714009E181E /* tipsTests.swift in Sources */ = {isa = PBXBuildFile; fileRef = EC715C461B868714009E181E /* tipsTests.swift */; };
/* End PBXBuildFile section */

/* Begin PBXContainerItemProxy section */
		EC715C411B868714009E181E /* PBXContainerItemProxy */ = {
			isa = PBXContainerItemProxy;
			containerPortal = EC715C231B868713009E181E /* Project object */;
			proxyType = 1;
			remoteGlobalIDString = EC715C2A1B868713009E181E;
			remoteInfo = tips;
		};
/* End PBXContainerItemProxy section */

/* Begin PBXFileReference section */
		EC715C2B1B868713009E181E /* tips.app */ = {isa = PBXFileReference; explicitFileType = wrapper.application; includeInIndex = 0; path = tips.app; sourceTree = BUILT_PRODUCTS_DIR; };
		EC715C2F1B868713009E181E /* Info.plist */ = {isa = PBXFileReference; lastKnownFileType = text.plist.xml; path = Info.plist; sourceTree = "<group>"; };
		EC715C301B868713009E181E /* AppDelegate.swift */ = {isa = PBXFileReference; lastKnownFileType = sourcecode.swift; path = AppDelegate.swift; sourceTree = "<group>"; };
		EC715C321B868713009E181E /* ViewController.swift */ = {isa = PBXFileReference; lastKnownFileType = sourcecode.swift; path = ViewController.swift; sourceTree = "<group>"; };
		EC715C351B868714009E181E /* Base */ = {isa = PBXFileReference; lastKnownFileType = file.storyboard; name = Base; path = Base.lproj/Main.storyboard; sourceTree = "<group>"; };
		EC715C371B868714009E181E /* Images.xcassets */ = {isa = PBXFileReference; lastKnownFileType = folder.assetcatalog; path = Images.xcassets; sourceTree = "<group>"; };
		EC715C3A1B868714009E181E /* Base */ = {isa = PBXFileReference; lastKnownFileType = file.xib; name = Base; path = Base.lproj/LaunchScreen.xib; sourceTree = "<group>"; };
		EC715C401B868714009E181E /* tipsTests.xctest */ = {isa = PBXFileReference; explicitFileType = wrapper.cfbundle; includeInIndex = 0; path = tipsTests.xctest; sourceTree = BUILT_PRODUCTS_DIR; };
		EC715C451B868714009E181E /* Info.plist */ = {isa = PBXFileReference; lastKnownFileType = text.plist.xml; path = Info.plist; sourceTree = "<group>"; };
		EC715C461B868714009E181E /* tipsTests.swift */ = {isa = PBXFileReference; lastKnownFileType = sourcecode.swift; path = tipsTests.swift; sourceTree = "<group>"; };
/* End PBXFileReference section */

/* Begin PBXFrameworksBuildPhase section */
		EC715C281B868713009E181E /* Frameworks */ = {
			isa = PBXFrameworksBuildPhase;
			buildActionMask = 2147483647;
			files = (
			);
			runOnlyForDeploymentPostprocessing = 0;
		};
		EC715C3D1B868714009E181E /* Frameworks */ = {
			isa = PBXFrameworksBuildPhase;
			buildActionMask = 2147483647;
			files = (
			);
			runOnlyForDeploymentPostprocessing = 0;
		};
/* End PBXFrameworksBuildPhase section */

/* Begin PBXGroup section */
		EC715C221B868712009E181E = {
			isa = PBXGroup;
			children = (
				EC715C2D1B868713009E181E /* tips */,
				EC715C431B868714009E181E /* tipsTests */,
				EC715C2C1B868713009E181E /* Products */,
			);
			sourceTree = "<group>";
		};
		EC715C2C1B868713009E181E /* Products */ = {
			isa = PBXGroup;
			children = (
				EC715C2B1B868713009E181E /* tips.app */,
				EC715C401B868714009E181E /* tipsTests.xctest */,
			);
			name = Products;
			sourceTree = "<group>";
		};
		EC715C2D1B868713009E181E /* tips */ = {
			isa = PBXGroup;
			children = (
				EC715C301B868713009E181E /* AppDelegate.swift */,
				EC715C321B868713009E181E /* ViewController.swift */,
				EC715C341B868714009E181E /* Main.storyboard */,
				EC715C371B868714009E181E /* Images.xcassets */,
				EC715C391B868714009E181E /* LaunchScreen.xib */,
				EC715C2E1B868713009E181E /* Supporting Files */,
			);
			path = tips;
			sourceTree = "<group>";
		};
		EC715C2E1B868713009E181E /* Supporting Files */ = {
			isa = PBXGroup;
			children = (
				EC715C2F1B868713009E181E /* Info.plist */,
			);
			name = "Supporting Files";
			sourceTree = "<group>";
		};
		EC715C431B868714009E181E /* tipsTests */ = {
			isa = PBXGroup;
			children = (
				EC715C461B868714009E181E /* tipsTests.swift */,
				EC715C441B868714009E181E /* Supporting Files */,
			);
			path = tipsTests;
			sourceTree = "<group>";
		};
		EC715C441B868714009E181E /* Supporting Files */ = {
			isa = PBXGroup;
			children = (
				EC715C451B868714009E181E /* Info.plist */,
			);
			name = "Supporting Files";
			sourceTree = "<group>";
		};
/* End PBXGroup section */

/* Begin PBXNativeTarget section */
		EC715C2A1B868713009E181E /* tips */ = {
			isa = PBXNativeTarget;
			buildConfigurationList = EC715C4A1B868714009E181E /* Build configuration list for PBXNativeTarget "tips" */;
			buildPhases = (
				EC715C271B868713009E181E /* Sources */,
				EC715C281B868713009E181E /* Frameworks */,
				EC715C291B868713009E181E /* Resources */,
			);
			buildRules = (
			);
			dependencies = (
			);
			name = tips;
			productName = tips;
			productReference = EC715C2B1B868713009E181E /* tips.app */;
			productType = "com.apple.product-type.application";
		};
		EC715C3F1B868714009E181E /* tipsTests */ = {
			isa = PBXNativeTarget;
			buildConfigurationList = EC715C4D1B868714009E181E /* Build configuration list for PBXNativeTarget "tipsTests" */;
			buildPhases = (
				EC715C3C1B868714009E181E /* Sources */,
				EC715C3D1B868714009E181E /* Frameworks */,
				EC715C3E1B868714009E181E /* Resources */,
			);
			buildRules = (
			);
			dependencies = (
				EC715C421B868714009E181E /* PBXTargetDependency */,
			);
			name = tipsTests;
			productName = tipsTests;
			productReference = EC715C401B868714009E181E /* tipsTests.xctest */;
			productType = "com.apple.product-type.bundle.unit-test";
		};
/* End PBXNativeTarget section */

/* Begin PBXProject section */
		EC715C231B868713009E181E /* Project object */ = {
			isa = PBXProject;
			attributes = {
				LastUpgradeCheck = 0640;
				ORGANIZATIONNAME = mh;
				TargetAttributes = {
					EC715C2A1B868713009E181E = {
						CreatedOnToolsVersion = 6.4;
					};
					EC715C3F1B868714009E181E = {
						CreatedOnToolsVersion = 6.4;
						TestTargetID = EC715C2A1B868713009E181E;
					};
				};
			};
			buildConfigurationList = EC715C261B868713009E181E /* Build configuration list for PBXProject "tips" */;
			compatibilityVersion = "Xcode 3.2";
			developmentRegion = English;
			hasScannedForEncodings = 0;
			knownRegions = (
				en,
				Base,
			);
			mainGroup = EC715C221B868712009E181E;
			productRefGroup = EC715C2C1B868713009E181E /* Products */;
			projectDirPath = "";
			projectRoot = "";
			targets = (
				EC715C2A1B868713009E181E /* tips */,
				EC715C3F1B868714009E181E /* tipsTests */,
			);
		};
/* End PBXProject section */

/* Begin PBXResourcesBuildPhase section */
		EC715C291B868713009E181E /* Resources */ = {
			isa = PBXResourcesBuildPhase;
			buildActionMask = 2147483647;
			files = (
				EC715C361B868714009E181E /* Main.storyboard in Resources */,
				EC715C3B1B868714009E181E /* LaunchScreen.xib in Resources */,
				EC715C381B868714009E181E /* Images.xcassets in Resources */,
			);
			runOnlyForDeploymentPostprocessing = 0;
		};
		EC715C3E1B868714009E181E /* Resources */ = {
			isa = PBXResourcesBuildPhase;
			buildActionMask = 2147483647;
			files = (
			);
			runOnlyForDeploymentPostprocessing = 0;
		};
/* End PBXResourcesBuildPhase section */

/* Begin PBXSourcesBuildPhase section */
		EC715C271B868713009E181E /* Sources */ = {
			isa = PBXSourcesBuildPhase;
			buildActionMask = 2147483647;
			files = (
				EC715C331B868713009E181E /* ViewController.swift in Sources */,
				EC715C311B868713009E181E /* AppDelegate.swift in Sources */,
			);
			runOnlyForDeploymentPostprocessing = 0;
		};
		EC715C3C1B868714009E181E /* Sources */ = {
			isa = PBXSourcesBuildPhase;
			buildActionMask = 2147483647;
			files = (
				EC715C471B868714009E181E /* tipsTests.swift in Sources */,
			);
			runOnlyForDeploymentPostprocessing = 0;
		};
/* End PBXSourcesBuildPhase section */

/* Begin PBXTargetDependency section */
		EC715C421B868714009E181E /* PBXTargetDependency */ = {
			isa = PBXTargetDependency;
			target = EC715C2A1B868713009E181E /* tips */;
			targetProxy = EC715C411B868714009E181E /* PBXContainerItemProxy */;
		};
/* End PBXTargetDependency section */

/* Begin PBXVariantGroup section */
		EC715C341B868714009E181E /* Main.storyboard */ = {
			isa = PBXVariantGroup;
			children = (
				EC715C351B868714009E181E /* Base */,
			);
			name = Main.storyboard;
			sourceTree = "<group>";
		};
		EC715C391B868714009E181E /* LaunchScreen.xib */ = {
			isa = PBXVariantGroup;
			children = (
				EC715C3A1B868714009E181E /* Base */,
			);
			name = LaunchScreen.xib;
			sourceTree = "<group>";
		};
/* End PBXVariantGroup section */

/* Begin XCBuildConfiguration section */
		EC715C481B868714009E181E /* Debug */ = {
			isa = XCBuildConfiguration;
			buildSettings = {
				ALWAYS_SEARCH_USER_PATHS = NO;
				CLANG_CXX_LANGUAGE_STANDARD = "gnu++0x";
				CLANG_CXX_LIBRARY = "libc++";
				CLANG_ENABLE_MODULES = YES;
				CLANG_ENABLE_OBJC_ARC = YES;
				CLANG_WARN_BOOL_CONVERSION = YES;
				CLANG_WARN_CONSTANT_CONVERSION = YES;
				CLANG_WARN_DIRECT_OBJC_ISA_USAGE = YES_ERROR;
				CLANG_WARN_EMPTY_BODY = YES;
				CLANG_WARN_ENUM_CONVERSION = YES;
				CLANG_WARN_INT_CONVERSION = YES;
				CLANG_WARN_OBJC_ROOT_CLASS = YES_ERROR;
				CLANG_WARN_UNREACHABLE_CODE = YES;
				CLANG_WARN__DUPLICATE_METHOD_MATCH = YES;
				"CODE_SIGN_IDENTITY[sdk=iphoneos*]" = "iPhone Developer";
				COPY_PHASE_STRIP = NO;
				DEBUG_INFORMATION_FORMAT = "dwarf-with-dsym";
				ENABLE_STRICT_OBJC_MSGSEND = YES;
				GCC_C_LANGUAGE_STANDARD = gnu99;
				GCC_DYNAMIC_NO_PIC = NO;
				GCC_NO_COMMON_BLOCKS = YES;
				GCC_OPTIMIZATION_LEVEL = 0;
				GCC_PREPROCESSOR_DEFINITIONS = (
					"DEBUG=1",
					"$(inherited)",
				);
				GCC_SYMBOLS_PRIVATE_EXTERN = NO;
				GCC_WARN_64_TO_32_BIT_CONVERSION = YES;
				GCC_WARN_ABOUT_RETURN_TYPE = YES_ERROR;
				GCC_WARN_UNDECLARED_SELECTOR = YES;
				GCC_WARN_UNINITIALIZED_AUTOS = YES_AGGRESSIVE;
				GCC_WARN_UNUSED_FUNCTION = YES;
				GCC_WARN_UNUSED_VARIABLE = YES;
				IPHONEOS_DEPLOYMENT_TARGET = 8.4;
				MTL_ENABLE_DEBUG_INFO = YES;
				ONLY_ACTIVE_ARCH = YES;
				SDKROOT = iphoneos;
				SWIFT_OPTIMIZATION_LEVEL = "-Onone";
			};
			name = Debug;
		};
		EC715C491B868714009E181E /* Release */ = {
			isa = XCBuildConfiguration;
			buildSettings = {
				ALWAYS_SEARCH_USER_PATHS = NO;
				CLANG_CXX_LANGUAGE_STANDARD = "gnu++0x";
				CLANG_CXX_LIBRARY = "libc++";
				CLANG_ENABLE_MODULES = YES;
				CLANG_ENABLE_OBJC_ARC = YES;
				CLANG_WARN_BOOL_CONVERSION = YES;
				CLANG_WARN_CONSTANT_CONVERSION = YES;
				CLANG_WARN_DIRECT_OBJC_ISA_USAGE = YES_ERROR;
				CLANG_WARN_EMPTY_BODY = YES;
				CLANG_WARN_ENUM_CONVERSION = YES;
				CLANG_WARN_INT_CONVERSION = YES;
				CLANG_WARN_OBJC_ROOT_CLASS = YES_ERROR;
				CLANG_WARN_UNREACHABLE_CODE = YES;
				CLANG_WARN__DUPLICATE_METHOD_MATCH = YES;
				"CODE_SIGN_IDENTITY[sdk=iphoneos*]" = "iPhone Developer";
				COPY_PHASE_STRIP = NO;
				DEBUG_INFORMATION_FORMAT = "dwarf-with-dsym";
				ENABLE_NS_ASSERTIONS = NO;
				ENABLE_STRICT_OBJC_MSGSEND = YES;
				GCC_C_LANGUAGE_STANDARD = gnu99;
				GCC_NO_COMMON_BLOCKS = YES;
				GCC_WARN_64_TO_32_BIT_CONVERSION = YES;
				GCC_WARN_ABOUT_RETURN_TYPE = YES_ERROR;
				GCC_WARN_UNDECLARED_SELECTOR = YES;
				GCC_WARN_UNINITIALIZED_AUTOS = YES_AGGRESSIVE;
				GCC_WARN_UNUSED_FUNCTION = YES;
				GCC_WARN_UNUSED_VARIABLE = YES;
				IPHONEOS_DEPLOYMENT_TARGET = 8.4;
				MTL_ENABLE_DEBUG_INFO = NO;
				SDKROOT = iphoneos;
				VALIDATE_PRODUCT = YES;
			};
			name = Release;
		};
		EC715C4B1B868714009E181E /* Debug */ = {
			isa = XCBuildConfiguration;
			buildSettings = {
				ASSETCATALOG_COMPILER_APPICON_NAME = AppIcon;
				INFOPLIST_FILE = tips/Info.plist;
				IPHONEOS_DEPLOYMENT_TARGET = 8.4;
				LD_RUNPATH_SEARCH_PATHS = "$(inherited) @executable_path/Frameworks";
				PRODUCT_NAME = "$(TARGET_NAME)";
			};
			name = Debug;
		};
		EC715C4C1B868714009E181E /* Release */ = {
			isa = XCBuildConfiguration;
			buildSettings = {
				ASSETCATALOG_COMPILER_APPICON_NAME = AppIcon;
				INFOPLIST_FILE = tips/Info.plist;
				IPHONEOS_DEPLOYMENT_TARGET = 8.4;
				LD_RUNPATH_SEARCH_PATHS = "$(inherited) @executable_path/Frameworks";
				PRODUCT_NAME = "$(TARGET_NAME)";
			};
			name = Release;
		};
		EC715C4E1B868714009E181E /* Debug */ = {
			isa = XCBuildConfiguration;
			buildSettings = {
				BUNDLE_LOADER = "$(TEST_HOST)";
				FRAMEWORK_SEARCH_PATHS = (
					"$(SDKROOT)/Developer/Library/Frameworks",
					"$(inherited)",
				);
				GCC_PREPROCESSOR_DEFINITIONS = (
					"DEBUG=1",
					"$(inherited)",
				);
				INFOPLIST_FILE = tipsTests/Info.plist;
				LD_RUNPATH_SEARCH_PATHS = "$(inherited) @executable_path/Frameworks @loader_path/Frameworks";
				PRODUCT_NAME = "$(TARGET_NAME)";
				TEST_HOST = "$(BUILT_PRODUCTS_DIR)/tips.app/tips";
			};
			name = Debug;
		};
		EC715C4F1B868714009E181E /* Release */ = {
			isa = XCBuildConfiguration;
			buildSettings = {
				BUNDLE_LOADER = "$(TEST_HOST)";
				FRAMEWORK_SEARCH_PATHS = (
					"$(SDKROOT)/Developer/Library/Frameworks",
					"$(inherited)",
				);
				INFOPLIST_FILE = tipsTests/Info.plist;
				LD_RUNPATH_SEARCH_PATHS = "$(inherited) @executable_path/Frameworks @loader_path/Frameworks";
				PRODUCT_NAME = "$(TARGET_NAME)";
				TEST_HOST = "$(BUILT_PRODUCTS_DIR)/tips.app/tips";
			};
			name = Release;
		};
/* End XCBuildConfiguration section */

/* Begin XCConfigurationList section */
		EC715C261B868713009E181E /* Build configuration list for PBXProject "tips" */ = {
			isa = XCConfigurationList;
			buildConfigurations = (
				EC715C481B868714009E181E /* Debug */,
				EC715C491B868714009E181E /* Release */,
			);
			defaultConfigurationIsVisible = 0;
			defaultConfigurationName = Release;
		};
		EC715C4A1B868714009E181E /* Build configuration list for PBXNativeTarget "tips" */ = {
			isa = XCConfigurationList;
			buildConfigurations = (
				EC715C4B1B868714009E181E /* Debug */,
				EC715C4C1B868714009E181E /* Release */,
			);
			defaultConfigurationIsVisible = 0;
		};
		EC715C4D1B868714009E181E /* Build configuration list for PBXNativeTarget "tipsTests" */ = {
			isa = XCConfigurationList;
			buildConfigurations = (
				EC715C4E1B868714009E181E /* Debug */,
				EC715C4F1B868714009E181E /* Release */,
			);
			defaultConfigurationIsVisible = 0;
		};
/* End XCConfigurationList section */
	};
	rootObject = EC715C231B868713009E181E /* Project object */;
}
